// !$*UTF8*$!
{
	archiveVersion = 1;
	classes = {
	};
	objectVersion = 51;
	objects = {

/* Begin PBXBuildFile section */
		2EE58080E23F07A1DBBFBD4A /* Pods_RxSwiftDemo.framework in Frameworks */ = {isa = PBXBuildFile; fileRef = 0985D2169080A5998FA81226 /* Pods_RxSwiftDemo.framework */; };
		F84872EE2869E69200C8B485 /* AppDelegate.swift in Sources */ = {isa = PBXBuildFile; fileRef = F84872ED2869E69200C8B485 /* AppDelegate.swift */; };
		F84872F02869E69200C8B485 /* SceneDelegate.swift in Sources */ = {isa = PBXBuildFile; fileRef = F84872EF2869E69200C8B485 /* SceneDelegate.swift */; };
		F84872F22869E69200C8B485 /* ViewController.swift in Sources */ = {isa = PBXBuildFile; fileRef = F84872F12869E69200C8B485 /* ViewController.swift */; };
		F84872F52869E69200C8B485 /* Main.storyboard in Resources */ = {isa = PBXBuildFile; fileRef = F84872F32869E69200C8B485 /* Main.storyboard */; };
		F84872F82869E69200C8B485 /* RxSwiftDemo.xcdatamodeld in Sources */ = {isa = PBXBuildFile; fileRef = F84872F62869E69200C8B485 /* RxSwiftDemo.xcdatamodeld */; };
		F84872FA2869E69600C8B485 /* Assets.xcassets in Resources */ = {isa = PBXBuildFile; fileRef = F84872F92869E69600C8B485 /* Assets.xcassets */; };
		F84872FD2869E69600C8B485 /* LaunchScreen.storyboard in Resources */ = {isa = PBXBuildFile; fileRef = F84872FB2869E69600C8B485 /* LaunchScreen.storyboard */; };
		F84873172869F8A800C8B485 /* WeChatViewController.swift in Sources */ = {isa = PBXBuildFile; fileRef = F84873162869F8A800C8B485 /* WeChatViewController.swift */; };
/* End PBXBuildFile section */

/* Begin PBXFileReference section */
		0985D2169080A5998FA81226 /* Pods_RxSwiftDemo.framework */ = {isa = PBXFileReference; explicitFileType = wrapper.framework; includeInIndex = 0; path = Pods_RxSwiftDemo.framework; sourceTree = BUILT_PRODUCTS_DIR; };
		5F6F0104BB10B99F08AA2832 /* Pods-RxSwiftDemo.release.xcconfig */ = {isa = PBXFileReference; includeInIndex = 1; lastKnownFileType = text.xcconfig; name = "Pods-RxSwiftDemo.release.xcconfig"; path = "Target Support Files/Pods-RxSwiftDemo/Pods-RxSwiftDemo.release.xcconfig"; sourceTree = "<group>"; };
		6875462FC71B576F4E4285CC /* Pods-RxSwiftDemo.debug.xcconfig */ = {isa = PBXFileReference; includeInIndex = 1; lastKnownFileType = text.xcconfig; name = "Pods-RxSwiftDemo.debug.xcconfig"; path = "Target Support Files/Pods-RxSwiftDemo/Pods-RxSwiftDemo.debug.xcconfig"; sourceTree = "<group>"; };
		F84872EA2869E69200C8B485 /* RxSwiftDemo.app */ = {isa = PBXFileReference; explicitFileType = wrapper.application; includeInIndex = 0; path = RxSwiftDemo.app; sourceTree = BUILT_PRODUCTS_DIR; };
		F84872ED2869E69200C8B485 /* AppDelegate.swift */ = {isa = PBXFileReference; lastKnownFileType = sourcecode.swift; path = AppDelegate.swift; sourceTree = "<group>"; };
		F84872EF2869E69200C8B485 /* SceneDelegate.swift */ = {isa = PBXFileReference; lastKnownFileType = sourcecode.swift; path = SceneDelegate.swift; sourceTree = "<group>"; };
		F84872F12869E69200C8B485 /* ViewController.swift */ = {isa = PBXFileReference; lastKnownFileType = sourcecode.swift; path = ViewController.swift; sourceTree = "<group>"; };
		F84872F42869E69200C8B485 /* Base */ = {isa = PBXFileReference; lastKnownFileType = file.storyboard; name = Base; path = Base.lproj/Main.storyboard; sourceTree = "<group>"; };
		F84872F72869E69200C8B485 /* RxSwiftDemo.xcdatamodel */ = {isa = PBXFileReference; lastKnownFileType = wrapper.xcdatamodel; path = RxSwiftDemo.xcdatamodel; sourceTree = "<group>"; };
		F84872F92869E69600C8B485 /* Assets.xcassets */ = {isa = PBXFileReference; lastKnownFileType = folder.assetcatalog; path = Assets.xcassets; sourceTree = "<group>"; };
		F84872FC2869E69600C8B485 /* Base */ = {isa = PBXFileReference; lastKnownFileType = file.storyboard; name = Base; path = Base.lproj/LaunchScreen.storyboard; sourceTree = "<group>"; };
		F84872FE2869E69600C8B485 /* Info.plist */ = {isa = PBXFileReference; lastKnownFileType = text.plist.xml; path = Info.plist; sourceTree = "<group>"; };
		F84873162869F8A800C8B485 /* WeChatViewController.swift */ = {isa = PBXFileReference; lastKnownFileType = sourcecode.swift; path = WeChatViewController.swift; sourceTree = "<group>"; };
/* End PBXFileReference section */

/* Begin PBXFrameworksBuildPhase section */
		F84872E72869E69200C8B485 /* Frameworks */ = {
			isa = PBXFrameworksBuildPhase;
			buildActionMask = 2147483647;
			files = (
				2EE58080E23F07A1DBBFBD4A /* Pods_RxSwiftDemo.framework in Frameworks */,
			);
			runOnlyForDeploymentPostprocessing = 0;
		};
/* End PBXFrameworksBuildPhase section */

/* Begin PBXGroup section */
		6352997798EF0F22D061959D /* Pods */ = {
			isa = PBXGroup;
			children = (
				6875462FC71B576F4E4285CC /* Pods-RxSwiftDemo.debug.xcconfig */,
				5F6F0104BB10B99F08AA2832 /* Pods-RxSwiftDemo.release.xcconfig */,
			);
			path = Pods;
			sourceTree = "<group>";
		};
		A76CB3252D9C416E4E8C2F16 /* Frameworks */ = {
			isa = PBXGroup;
			children = (
				0985D2169080A5998FA81226 /* Pods_RxSwiftDemo.framework */,
			);
			name = Frameworks;
			sourceTree = "<group>";
		};
		F84872E12869E69200C8B485 = {
			isa = PBXGroup;
			children = (
				F84872EC2869E69200C8B485 /* RxSwiftDemo */,
				F84872EB2869E69200C8B485 /* Products */,
				6352997798EF0F22D061959D /* Pods */,
				A76CB3252D9C416E4E8C2F16 /* Frameworks */,
			);
			sourceTree = "<group>";
		};
		F84872EB2869E69200C8B485 /* Products */ = {
			isa = PBXGroup;
			children = (
				F84872EA2869E69200C8B485 /* RxSwiftDemo.app */,
			);
			name = Products;
			sourceTree = "<group>";
		};
		F84872EC2869E69200C8B485 /* RxSwiftDemo */ = {
			isa = PBXGroup;
			children = (
				F848730E2869F73F00C8B485 /* AppDelegate */,
				F84873112869F75100C8B485 /* Main */,
				F848730B2869F6C400C8B485 /* Support */,
			);
			path = RxSwiftDemo;
			sourceTree = "<group>";
		};
		F848730B2869F6C400C8B485 /* Support */ = {
			isa = PBXGroup;
			children = (
				F84872F92869E69600C8B485 /* Assets.xcassets */,
				F84872FB2869E69600C8B485 /* LaunchScreen.storyboard */,
				F84872FE2869E69600C8B485 /* Info.plist */,
				F84872F62869E69200C8B485 /* RxSwiftDemo.xcdatamodeld */,
			);
			path = Support;
			sourceTree = "<group>";
		};
		F848730E2869F73F00C8B485 /* AppDelegate */ = {
			isa = PBXGroup;
			children = (
				F84872ED2869E69200C8B485 /* AppDelegate.swift */,
				F84872EF2869E69200C8B485 /* SceneDelegate.swift */,
			);
			path = AppDelegate;
			sourceTree = "<group>";
		};
		F84873112869F75100C8B485 /* Main */ = {
			isa = PBXGroup;
			children = (
				F84873152869F77300C8B485 /* TableViewController */,
				F84873132869F76800C8B485 /* MainVC */,
			);
			path = Main;
			sourceTree = "<group>";
		};
		F84873132869F76800C8B485 /* MainVC */ = {
			isa = PBXGroup;
			children = (
				F84872F12869E69200C8B485 /* ViewController.swift */,
				F84872F32869E69200C8B485 /* Main.storyboard */,
			);
			path = MainVC;
			sourceTree = "<group>";
		};
		F84873152869F77300C8B485 /* TableViewController */ = {
			isa = PBXGroup;
			children = (
				F84873162869F8A800C8B485 /* WeChatViewController.swift */,
			);
			path = TableViewController;
			sourceTree = "<group>";
		};
/* End PBXGroup section */

/* Begin PBXNativeTarget section */
		F84872E92869E69200C8B485 /* RxSwiftDemo */ = {
			isa = PBXNativeTarget;
			buildConfigurationList = F84873012869E69600C8B485 /* Build configuration list for PBXNativeTarget "RxSwiftDemo" */;
			buildPhases = (
				4CCFD731CD979C53CAB7D0D3 /* [CP] Check Pods Manifest.lock */,
				F84872E62869E69200C8B485 /* Sources */,
				F84872E72869E69200C8B485 /* Frameworks */,
				F84872E82869E69200C8B485 /* Resources */,
				686B5E6844270CDAA95C2C3F /* [CP] Embed Pods Frameworks */,
			);
			buildRules = (
			);
			dependencies = (
			);
			name = RxSwiftDemo;
			productName = RxSwiftDemo;
			productReference = F84872EA2869E69200C8B485 /* RxSwiftDemo.app */;
			productType = "com.apple.product-type.application";
		};
/* End PBXNativeTarget section */

/* Begin PBXProject section */
		F84872E22869E69200C8B485 /* Project object */ = {
			isa = PBXProject;
			attributes = {
				LastSwiftUpdateCheck = 1220;
				LastUpgradeCheck = 1220;
				TargetAttributes = {
					F84872E92869E69200C8B485 = {
						CreatedOnToolsVersion = 12.2;
					};
				};
			};
			buildConfigurationList = F84872E52869E69200C8B485 /* Build configuration list for PBXProject "RxSwiftDemo" */;
			compatibilityVersion = "Xcode 9.3";
			developmentRegion = en;
			hasScannedForEncodings = 0;
			knownRegions = (
				en,
				Base,
			);
			mainGroup = F84872E12869E69200C8B485;
			productRefGroup = F84872EB2869E69200C8B485 /* Products */;
			projectDirPath = "";
			projectRoot = "";
			targets = (
				F84872E92869E69200C8B485 /* RxSwiftDemo */,
			);
		};
/* End PBXProject section */

/* Begin PBXResourcesBuildPhase section */
		F84872E82869E69200C8B485 /* Resources */ = {
			isa = PBXResourcesBuildPhase;
			buildActionMask = 2147483647;
			files = (
				F84872FD2869E69600C8B485 /* LaunchScreen.storyboard in Resources */,
				F84872FA2869E69600C8B485 /* Assets.xcassets in Resources */,
				F84872F52869E69200C8B485 /* Main.storyboard in Resources */,
			);
			runOnlyForDeploymentPostprocessing = 0;
		};
/* End PBXResourcesBuildPhase section */

/* Begin PBXShellScriptBuildPhase section */
		4CCFD731CD979C53CAB7D0D3 /* [CP] Check Pods Manifest.lock */ = {
			isa = PBXShellScriptBuildPhase;
			buildActionMask = 2147483647;
			files = (
			);
			inputFileListPaths = (
			);
			inputPaths = (
				"${PODS_PODFILE_DIR_PATH}/Podfile.lock",
				"${PODS_ROOT}/Manifest.lock",
			);
			name = "[CP] Check Pods Manifest.lock";
			outputFileListPaths = (
			);
			outputPaths = (
				"$(DERIVED_FILE_DIR)/Pods-RxSwiftDemo-checkManifestLockResult.txt",
			);
			runOnlyForDeploymentPostprocessing = 0;
			shellPath = /bin/sh;
			shellScript = "diff \"${PODS_PODFILE_DIR_PATH}/Podfile.lock\" \"${PODS_ROOT}/Manifest.lock\" > /dev/null\nif [ $? != 0 ] ; then\n    # print error to STDERR\n    echo \"error: The sandbox is not in sync with the Podfile.lock. Run 'pod install' or update your CocoaPods installation.\" >&2\n    exit 1\nfi\n# This output is used by Xcode 'outputs' to avoid re-running this script phase.\necho \"SUCCESS\" > \"${SCRIPT_OUTPUT_FILE_0}\"\n";
			showEnvVarsInLog = 0;
		};
		686B5E6844270CDAA95C2C3F /* [CP] Embed Pods Frameworks */ = {
			isa = PBXShellScriptBuildPhase;
			buildActionMask = 2147483647;
			files = (
			);
			inputFileListPaths = (
				"${PODS_ROOT}/Target Support Files/Pods-RxSwiftDemo/Pods-RxSwiftDemo-frameworks-${CONFIGURATION}-input-files.xcfilelist",
			);
			name = "[CP] Embed Pods Frameworks";
			outputFileListPaths = (
				"${PODS_ROOT}/Target Support Files/Pods-RxSwiftDemo/Pods-RxSwiftDemo-frameworks-${CONFIGURATION}-output-files.xcfilelist",
			);
			runOnlyForDeploymentPostprocessing = 0;
			shellPath = /bin/sh;
			shellScript = "\"${PODS_ROOT}/Target Support Files/Pods-RxSwiftDemo/Pods-RxSwiftDemo-frameworks.sh\"\n";
			showEnvVarsInLog = 0;
		};
/* End PBXShellScriptBuildPhase section */

/* Begin PBXSourcesBuildPhase section */
		F84872E62869E69200C8B485 /* Sources */ = {
			isa = PBXSourcesBuildPhase;
			buildActionMask = 2147483647;
			files = (
				F84872F82869E69200C8B485 /* RxSwiftDemo.xcdatamodeld in Sources */,
				F84872F22869E69200C8B485 /* ViewController.swift in Sources */,
				F84873172869F8A800C8B485 /* WeChatViewController.swift in Sources */,
				F84872EE2869E69200C8B485 /* AppDelegate.swift in Sources */,
				F84872F02869E69200C8B485 /* SceneDelegate.swift in Sources */,
			);
			runOnlyForDeploymentPostprocessing = 0;
		};
/* End PBXSourcesBuildPhase section */

/* Begin PBXVariantGroup section */
		F84872F32869E69200C8B485 /* Main.storyboard */ = {
			isa = PBXVariantGroup;
			children = (
				F84872F42869E69200C8B485 /* Base */,
			);
			name = Main.storyboard;
			sourceTree = "<group>";
		};
		F84872FB2869E69600C8B485 /* LaunchScreen.storyboard */ = {
			isa = PBXVariantGroup;
			children = (
				F84872FC2869E69600C8B485 /* Base */,
			);
			name = LaunchScreen.storyboard;
			sourceTree = "<group>";
		};
/* End PBXVariantGroup section */

/* Begin XCBuildConfiguration section */
		F84872FF2869E69600C8B485 /* Debug */ = {
			isa = XCBuildConfiguration;
			buildSettings = {
				ALWAYS_SEARCH_USER_PATHS = NO;
				CLANG_ANALYZER_NONNULL = YES;
				CLANG_ANALYZER_NUMBER_OBJECT_CONVERSION = YES_AGGRESSIVE;
				CLANG_CXX_LANGUAGE_STANDARD = "gnu++14";
				CLANG_CXX_LIBRARY = "libc++";
				CLANG_ENABLE_MODULES = YES;
				CLANG_ENABLE_OBJC_ARC = YES;
				CLANG_ENABLE_OBJC_WEAK = YES;
				CLANG_WARN_BLOCK_CAPTURE_AUTORELEASING = YES;
				CLANG_WARN_BOOL_CONVERSION = YES;
				CLANG_WARN_COMMA = YES;
				CLANG_WARN_CONSTANT_CONVERSION = YES;
				CLANG_WARN_DEPRECATED_OBJC_IMPLEMENTATIONS = YES;
				CLANG_WARN_DIRECT_OBJC_ISA_USAGE = YES_ERROR;
				CLANG_WARN_DOCUMENTATION_COMMENTS = YES;
				CLANG_WARN_EMPTY_BODY = YES;
				CLANG_WARN_ENUM_CONVERSION = YES;
				CLANG_WARN_INFINITE_RECURSION = YES;
				CLANG_WARN_INT_CONVERSION = YES;
				CLANG_WARN_NON_LITERAL_NULL_CONVERSION = YES;
				CLANG_WARN_OBJC_IMPLICIT_RETAIN_SELF = YES;
				CLANG_WARN_OBJC_LITERAL_CONVERSION = YES;
				CLANG_WARN_OBJC_ROOT_CLASS = YES_ERROR;
				CLANG_WARN_QUOTED_INCLUDE_IN_FRAMEWORK_HEADER = YES;
				CLANG_WARN_RANGE_LOOP_ANALYSIS = YES;
				CLANG_WARN_STRICT_PROTOTYPES = YES;
				CLANG_WARN_SUSPICIOUS_MOVE = YES;
				CLANG_WARN_UNGUARDED_AVAILABILITY = YES_AGGRESSIVE;
				CLANG_WARN_UNREACHABLE_CODE = YES;
				CLANG_WARN__DUPLICATE_METHOD_MATCH = YES;
				COPY_PHASE_STRIP = NO;
				DEBUG_INFORMATION_FORMAT = dwarf;
				ENABLE_STRICT_OBJC_MSGSEND = YES;
				ENABLE_TESTABILITY = YES;
				GCC_C_LANGUAGE_STANDARD = gnu11;
				GCC_DYNAMIC_NO_PIC = NO;
				GCC_NO_COMMON_BLOCKS = YES;
				GCC_OPTIMIZATION_LEVEL = 0;
				GCC_PREPROCESSOR_DEFINITIONS = (
					"DEBUG=1",
					"$(inherited)",
				);
				GCC_WARN_64_TO_32_BIT_CONVERSION = YES;
				GCC_WARN_ABOUT_RETURN_TYPE = YES_ERROR;
				GCC_WARN_UNDECLARED_SELECTOR = YES;
				GCC_WARN_UNINITIALIZED_AUTOS = YES_AGGRESSIVE;
				GCC_WARN_UNUSED_FUNCTION = YES;
				GCC_WARN_UNUSED_VARIABLE = YES;
				IPHONEOS_DEPLOYMENT_TARGET = 14.0;
				MTL_ENABLE_DEBUG_INFO = INCLUDE_SOURCE;
				MTL_FAST_MATH = YES;
				ONLY_ACTIVE_ARCH = YES;
				SDKROOT = iphoneos;
				SWIFT_ACTIVE_COMPILATION_CONDITIONS = DEBUG;
				SWIFT_OPTIMIZATION_LEVEL = "-Onone";
			};
			name = Debug;
		};
		F84873002869E69600C8B485 /* Release */ = {
			isa = XCBuildConfiguration;
			buildSettings = {
				ALWAYS_SEARCH_USER_PATHS = NO;
				CLANG_ANALYZER_NONNULL = YES;
				CLANG_ANALYZER_NUMBER_OBJECT_CONVERSION = YES_AGGRESSIVE;
				CLANG_CXX_LANGUAGE_STANDARD = "gnu++14";
				CLANG_CXX_LIBRARY = "libc++";
				CLANG_ENABLE_MODULES = YES;
				CLANG_ENABLE_OBJC_ARC = YES;
				CLANG_ENABLE_OBJC_WEAK = YES;
				CLANG_WARN_BLOCK_CAPTURE_AUTORELEASING = YES;
				CLANG_WARN_BOOL_CONVERSION = YES;
				CLANG_WARN_COMMA = YES;
				CLANG_WARN_CONSTANT_CONVERSION = YES;
				CLANG_WARN_DEPRECATED_OBJC_IMPLEMENTATIONS = YES;
				CLANG_WARN_DIRECT_OBJC_ISA_USAGE = YES_ERROR;
				CLANG_WARN_DOCUMENTATION_COMMENTS = YES;
				CLANG_WARN_EMPTY_BODY = YES;
				CLANG_WARN_ENUM_CONVERSION = YES;
				CLANG_WARN_INFINITE_RECURSION = YES;
				CLANG_WARN_INT_CONVERSION = YES;
				CLANG_WARN_NON_LITERAL_NULL_CONVERSION = YES;
				CLANG_WARN_OBJC_IMPLICIT_RETAIN_SELF = YES;
				CLANG_WARN_OBJC_LITERAL_CONVERSION = YES;
				CLANG_WARN_OBJC_ROOT_CLASS = YES_ERROR;
				CLANG_WARN_QUOTED_INCLUDE_IN_FRAMEWORK_HEADER = YES;
				CLANG_WARN_RANGE_LOOP_ANALYSIS = YES;
				CLANG_WARN_STRICT_PROTOTYPES = YES;
				CLANG_WARN_SUSPICIOUS_MOVE = YES;
				CLANG_WARN_UNGUARDED_AVAILABILITY = YES_AGGRESSIVE;
				CLANG_WARN_UNREACHABLE_CODE = YES;
				CLANG_WARN__DUPLICATE_METHOD_MATCH = YES;
				COPY_PHASE_STRIP = NO;
				DEBUG_INFORMATION_FORMAT = "dwarf-with-dsym";
				ENABLE_NS_ASSERTIONS = NO;
				ENABLE_STRICT_OBJC_MSGSEND = YES;
				GCC_C_LANGUAGE_STANDARD = gnu11;
				GCC_NO_COMMON_BLOCKS = YES;
				GCC_WARN_64_TO_32_BIT_CONVERSION = YES;
				GCC_WARN_ABOUT_RETURN_TYPE = YES_ERROR;
				GCC_WARN_UNDECLARED_SELECTOR = YES;
				GCC_WARN_UNINITIALIZED_AUTOS = YES_AGGRESSIVE;
				GCC_WARN_UNUSED_FUNCTION = YES;
				GCC_WARN_UNUSED_VARIABLE = YES;
				IPHONEOS_DEPLOYMENT_TARGET = 14.0;
				MTL_ENABLE_DEBUG_INFO = NO;
				MTL_FAST_MATH = YES;
				SDKROOT = iphoneos;
				SWIFT_COMPILATION_MODE = wholemodule;
				SWIFT_OPTIMIZATION_LEVEL = "-O";
				VALIDATE_PRODUCT = YES;
			};
			name = Release;
		};
		F84873022869E69600C8B485 /* Debug */ = {
			isa = XCBuildConfiguration;
			baseConfigurationReference = 6875462FC71B576F4E4285CC /* Pods-RxSwiftDemo.debug.xcconfig */;
			buildSettings = {
				ASSETCATALOG_COMPILER_APPICON_NAME = AppIcon;
				ASSETCATALOG_COMPILER_GLOBAL_ACCENT_COLOR_NAME = AccentColor;
				CODE_SIGN_STYLE = Automatic;
				DEVELOPMENT_TEAM = 5A3W3WXGJR;
				INFOPLIST_FILE = RxSwiftDemo/Support/Info.plist;
				LD_RUNPATH_SEARCH_PATHS = (
					"$(inherited)",
					"@executable_path/Frameworks",
				);
				PRODUCT_BUNDLE_IDENTIFIER = com.junhua.iOSJesusMusic.RxSwiftDemo;
				PRODUCT_NAME = "$(TARGET_NAME)";
				SWIFT_VERSION = 5.0;
				TARGETED_DEVICE_FAMILY = "1,2";
			};
			name = Debug;
		};
		F84873032869E69600C8B485 /* Release */ = {
			isa = XCBuildConfiguration;
			baseConfigurationReference = 5F6F0104BB10B99F08AA2832 /* Pods-RxSwiftDemo.release.xcconfig */;
			buildSettings = {
				ASSETCATALOG_COMPILER_APPICON_NAME = AppIcon;
				ASSETCATALOG_COMPILER_GLOBAL_ACCENT_COLOR_NAME = AccentColor;
				CODE_SIGN_STYLE = Automatic;
				DEVELOPMENT_TEAM = 5A3W3WXGJR;
				INFOPLIST_FILE = RxSwiftDemo/Support/Info.plist;
				LD_RUNPATH_SEARCH_PATHS = (
					"$(inherited)",
					"@executable_path/Frameworks",
				);
				PRODUCT_BUNDLE_IDENTIFIER = com.junhua.iOSJesusMusic.RxSwiftDemo;
				PRODUCT_NAME = "$(TARGET_NAME)";
				SWIFT_VERSION = 5.0;
				TARGETED_DEVICE_FAMILY = "1,2";
			};
			name = Release;
		};
/* End XCBuildConfiguration section */

/* Begin XCConfigurationList section */
		F84872E52869E69200C8B485 /* Build configuration list for PBXProject "RxSwiftDemo" */ = {
			isa = XCConfigurationList;
			buildConfigurations = (
				F84872FF2869E69600C8B485 /* Debug */,
				F84873002869E69600C8B485 /* Release */,
			);
			defaultConfigurationIsVisible = 0;
			defaultConfigurationName = Release;
		};
		F84873012869E69600C8B485 /* Build configuration list for PBXNativeTarget "RxSwiftDemo" */ = {
			isa = XCConfigurationList;
			buildConfigurations = (
				F84873022869E69600C8B485 /* Debug */,
				F84873032869E69600C8B485 /* Release */,
			);
			defaultConfigurationIsVisible = 0;
			defaultConfigurationName = Release;
		};
/* End XCConfigurationList section */

/* Begin XCVersionGroup section */
		F84872F62869E69200C8B485 /* RxSwiftDemo.xcdatamodeld */ = {
			isa = XCVersionGroup;
			children = (
				F84872F72869E69200C8B485 /* RxSwiftDemo.xcdatamodel */,
			);
			currentVersion = F84872F72869E69200C8B485 /* RxSwiftDemo.xcdatamodel */;
			path = RxSwiftDemo.xcdatamodeld;
			sourceTree = "<group>";
			versionGroupType = wrapper.xcdatamodel;
		};
/* End XCVersionGroup section */
	};
	rootObject = F84872E22869E69200C8B485 /* Project object */;
}
